// !$*UTF8*$!
{
	archiveVersion = 1;
	classes = {
	};
	objectVersion = 46;
	objects = {

/* Begin PBXBuildFile section */
		F916BEC21B8F77AE00D37396 /* AppDelegate.swift in Sources */ = {isa = PBXBuildFile; fileRef = F916BEC11B8F77AE00D37396 /* AppDelegate.swift */; };
		F916BEC41B8F77AE00D37396 /* FirstViewController.swift in Sources */ = {isa = PBXBuildFile; fileRef = F916BEC31B8F77AE00D37396 /* FirstViewController.swift */; };
		F916BEC91B8F77AF00D37396 /* Main.storyboard in Resources */ = {isa = PBXBuildFile; fileRef = F916BEC71B8F77AF00D37396 /* Main.storyboard */; };
		F916BECB1B8F77AF00D37396 /* Assets.xcassets in Resources */ = {isa = PBXBuildFile; fileRef = F916BECA1B8F77AF00D37396 /* Assets.xcassets */; };
		F916BECE1B8F77AF00D37396 /* LaunchScreen.storyboard in Resources */ = {isa = PBXBuildFile; fileRef = F916BECC1B8F77AF00D37396 /* LaunchScreen.storyboard */; };
		F916BED91B8F77AF00D37396 /* FirstTests.swift in Sources */ = {isa = PBXBuildFile; fileRef = F916BED81B8F77AF00D37396 /* FirstTests.swift */; };
		F916BEE41B8F77AF00D37396 /* FirstUITests.swift in Sources */ = {isa = PBXBuildFile; fileRef = F916BEE31B8F77AF00D37396 /* FirstUITests.swift */; };
		F916BEF21B8F77D600D37396 /* HKHealthStore+Convenience.swift in Sources */ = {isa = PBXBuildFile; fileRef = F916BEF11B8F77D600D37396 /* HKHealthStore+Convenience.swift */; };
		F916BEF41B8F899F00D37396 /* HealthKit.framework in Frameworks */ = {isa = PBXBuildFile; fileRef = F916BEF31B8F899F00D37396 /* HealthKit.framework */; };
		F916BEF71B8F89AE00D37396 /* CloudKit.framework in Frameworks */ = {isa = PBXBuildFile; fileRef = F916BEF61B8F89AE00D37396 /* CloudKit.framework */; };
		F94FA0D41B9B74C4001D0BFA /* ActivityStore.swift in Sources */ = {isa = PBXBuildFile; fileRef = F94FA0D31B9B74C4001D0BFA /* ActivityStore.swift */; };
		F960A9FF1B93457700336790 /* Authenticator.swift in Sources */ = {isa = PBXBuildFile; fileRef = F960A9FE1B93457700336790 /* Authenticator.swift */; };
		F961901C1BEA9817003D4B36 /* CloudDataStore.h in Headers */ = {isa = PBXBuildFile; fileRef = F961901B1BEA9817003D4B36 /* CloudDataStore.h */; settings = {ATTRIBUTES = (Public, ); }; };
		F96190231BEA9817003D4B36 /* CloudDataStore.framework in Frameworks */ = {isa = PBXBuildFile; fileRef = F96190191BEA9817003D4B36 /* CloudDataStore.framework */; };
		F961902A1BEA9817003D4B36 /* CloudDataStoreTests.swift in Sources */ = {isa = PBXBuildFile; fileRef = F96190291BEA9817003D4B36 /* CloudDataStoreTests.swift */; };
		F961902E1BEA9817003D4B36 /* CloudDataStore.framework in Frameworks */ = {isa = PBXBuildFile; fileRef = F96190191BEA9817003D4B36 /* CloudDataStore.framework */; };
		F961902F1BEA9817003D4B36 /* CloudDataStore.framework in Embed Frameworks */ = {isa = PBXBuildFile; fileRef = F96190191BEA9817003D4B36 /* CloudDataStore.framework */; settings = {ATTRIBUTES = (CodeSignOnCopy, RemoveHeadersOnCopy, ); }; };
		F96190381BEA98A7003D4B36 /* DataStore.swift in Sources */ = {isa = PBXBuildFile; fileRef = F96190371BEA98A7003D4B36 /* DataStore.swift */; };
		F96190391BEA99F6003D4B36 /* DataStore.swift in Headers */ = {isa = PBXBuildFile; fileRef = F96190371BEA98A7003D4B36 /* DataStore.swift */; settings = {ATTRIBUTES = (Public, ); }; };
		F961903A1BEA9BAC003D4B36 /* CloudDataStore.h in Sources */ = {isa = PBXBuildFile; fileRef = F961901B1BEA9817003D4B36 /* CloudDataStore.h */; };
		F974DDA91BC1C22B004AF002 /* FriendsListViewDataSource.swift in Sources */ = {isa = PBXBuildFile; fileRef = F974DDA81BC1C22B004AF002 /* FriendsListViewDataSource.swift */; };
		F99106B41B9CA37600CE0EC5 /* Person.swift in Sources */ = {isa = PBXBuildFile; fileRef = F99106B31B9CA37600CE0EC5 /* Person.swift */; };
/* End PBXBuildFile section */

/* Begin PBXContainerItemProxy section */
		F916BED51B8F77AF00D37396 /* PBXContainerItemProxy */ = {
			isa = PBXContainerItemProxy;
			containerPortal = F916BEB61B8F77AE00D37396 /* Project object */;
			proxyType = 1;
			remoteGlobalIDString = F916BEBD1B8F77AE00D37396;
			remoteInfo = First;
		};
		F916BEE01B8F77AF00D37396 /* PBXContainerItemProxy */ = {
			isa = PBXContainerItemProxy;
			containerPortal = F916BEB61B8F77AE00D37396 /* Project object */;
			proxyType = 1;
			remoteGlobalIDString = F916BEBD1B8F77AE00D37396;
			remoteInfo = First;
		};
		F96190241BEA9817003D4B36 /* PBXContainerItemProxy */ = {
			isa = PBXContainerItemProxy;
			containerPortal = F916BEB61B8F77AE00D37396 /* Project object */;
			proxyType = 1;
			remoteGlobalIDString = F96190181BEA9817003D4B36;
			remoteInfo = CloudDataStore;
		};
		F96190261BEA9817003D4B36 /* PBXContainerItemProxy */ = {
			isa = PBXContainerItemProxy;
			containerPortal = F916BEB61B8F77AE00D37396 /* Project object */;
			proxyType = 1;
			remoteGlobalIDString = F916BEBD1B8F77AE00D37396;
			remoteInfo = First;
		};
		F961902C1BEA9817003D4B36 /* PBXContainerItemProxy */ = {
			isa = PBXContainerItemProxy;
			containerPortal = F916BEB61B8F77AE00D37396 /* Project object */;
			proxyType = 1;
			remoteGlobalIDString = F96190181BEA9817003D4B36;
			remoteInfo = CloudDataStore;
		};
/* End PBXContainerItemProxy section */

/* Begin PBXCopyFilesBuildPhase section */
		F96190351BEA9817003D4B36 /* Embed Frameworks */ = {
			isa = PBXCopyFilesBuildPhase;
			buildActionMask = 2147483647;
			dstPath = "";
			dstSubfolderSpec = 10;
			files = (
				F961902F1BEA9817003D4B36 /* CloudDataStore.framework in Embed Frameworks */,
			);
			name = "Embed Frameworks";
			runOnlyForDeploymentPostprocessing = 0;
		};
/* End PBXCopyFilesBuildPhase section */

/* Begin PBXFileReference section */
		F916BEBE1B8F77AE00D37396 /* First.app */ = {isa = PBXFileReference; explicitFileType = wrapper.application; includeInIndex = 0; path = First.app; sourceTree = BUILT_PRODUCTS_DIR; };
		F916BEC11B8F77AE00D37396 /* AppDelegate.swift */ = {isa = PBXFileReference; lastKnownFileType = sourcecode.swift; path = AppDelegate.swift; sourceTree = "<group>"; };
		F916BEC31B8F77AE00D37396 /* FirstViewController.swift */ = {isa = PBXFileReference; lastKnownFileType = sourcecode.swift; path = FirstViewController.swift; sourceTree = "<group>"; };
		F916BEC81B8F77AF00D37396 /* Base */ = {isa = PBXFileReference; lastKnownFileType = file.storyboard; name = Base; path = Base.lproj/Main.storyboard; sourceTree = "<group>"; };
		F916BECA1B8F77AF00D37396 /* Assets.xcassets */ = {isa = PBXFileReference; lastKnownFileType = folder.assetcatalog; path = Assets.xcassets; sourceTree = "<group>"; };
		F916BECD1B8F77AF00D37396 /* Base */ = {isa = PBXFileReference; lastKnownFileType = file.storyboard; name = Base; path = Base.lproj/LaunchScreen.storyboard; sourceTree = "<group>"; };
		F916BECF1B8F77AF00D37396 /* Info.plist */ = {isa = PBXFileReference; lastKnownFileType = text.plist.xml; path = Info.plist; sourceTree = "<group>"; };
		F916BED41B8F77AF00D37396 /* FirstTests.xctest */ = {isa = PBXFileReference; explicitFileType = wrapper.cfbundle; includeInIndex = 0; path = FirstTests.xctest; sourceTree = BUILT_PRODUCTS_DIR; };
		F916BED81B8F77AF00D37396 /* FirstTests.swift */ = {isa = PBXFileReference; lastKnownFileType = sourcecode.swift; path = FirstTests.swift; sourceTree = "<group>"; };
		F916BEDA1B8F77AF00D37396 /* Info.plist */ = {isa = PBXFileReference; lastKnownFileType = text.plist.xml; path = Info.plist; sourceTree = "<group>"; };
		F916BEDF1B8F77AF00D37396 /* FirstUITests.xctest */ = {isa = PBXFileReference; explicitFileType = wrapper.cfbundle; includeInIndex = 0; path = FirstUITests.xctest; sourceTree = BUILT_PRODUCTS_DIR; };
		F916BEE31B8F77AF00D37396 /* FirstUITests.swift */ = {isa = PBXFileReference; lastKnownFileType = sourcecode.swift; path = FirstUITests.swift; sourceTree = "<group>"; };
		F916BEE51B8F77AF00D37396 /* Info.plist */ = {isa = PBXFileReference; lastKnownFileType = text.plist.xml; path = Info.plist; sourceTree = "<group>"; };
		F916BEF11B8F77D600D37396 /* HKHealthStore+Convenience.swift */ = {isa = PBXFileReference; fileEncoding = 4; lastKnownFileType = sourcecode.swift; path = "HKHealthStore+Convenience.swift"; sourceTree = "<group>"; };
		F916BEF31B8F899F00D37396 /* HealthKit.framework */ = {isa = PBXFileReference; lastKnownFileType = wrapper.framework; name = HealthKit.framework; path = System/Library/Frameworks/HealthKit.framework; sourceTree = SDKROOT; };
		F916BEF51B8F899F00D37396 /* First.entitlements */ = {isa = PBXFileReference; lastKnownFileType = text.xml; path = First.entitlements; sourceTree = "<group>"; };
		F916BEF61B8F89AE00D37396 /* CloudKit.framework */ = {isa = PBXFileReference; lastKnownFileType = wrapper.framework; name = CloudKit.framework; path = System/Library/Frameworks/CloudKit.framework; sourceTree = SDKROOT; };
		F94FA0D31B9B74C4001D0BFA /* ActivityStore.swift */ = {isa = PBXFileReference; fileEncoding = 4; lastKnownFileType = sourcecode.swift; path = ActivityStore.swift; sourceTree = "<group>"; };
		F960A9FE1B93457700336790 /* Authenticator.swift */ = {isa = PBXFileReference; fileEncoding = 4; lastKnownFileType = sourcecode.swift; path = Authenticator.swift; sourceTree = "<group>"; };
		F96190191BEA9817003D4B36 /* CloudDataStore.framework */ = {isa = PBXFileReference; explicitFileType = wrapper.framework; includeInIndex = 0; path = CloudDataStore.framework; sourceTree = BUILT_PRODUCTS_DIR; };
		F961901B1BEA9817003D4B36 /* CloudDataStore.h */ = {isa = PBXFileReference; lastKnownFileType = sourcecode.c.h; path = CloudDataStore.h; sourceTree = "<group>"; };
		F961901D1BEA9817003D4B36 /* Info.plist */ = {isa = PBXFileReference; lastKnownFileType = text.plist.xml; path = Info.plist; sourceTree = "<group>"; };
		F96190221BEA9817003D4B36 /* CloudDataStoreTests.xctest */ = {isa = PBXFileReference; explicitFileType = wrapper.cfbundle; includeInIndex = 0; path = CloudDataStoreTests.xctest; sourceTree = BUILT_PRODUCTS_DIR; };
		F96190291BEA9817003D4B36 /* CloudDataStoreTests.swift */ = {isa = PBXFileReference; lastKnownFileType = sourcecode.swift; path = CloudDataStoreTests.swift; sourceTree = "<group>"; };
		F961902B1BEA9817003D4B36 /* Info.plist */ = {isa = PBXFileReference; lastKnownFileType = text.plist.xml; path = Info.plist; sourceTree = "<group>"; };
		F96190371BEA98A7003D4B36 /* DataStore.swift */ = {isa = PBXFileReference; fileEncoding = 4; lastKnownFileType = sourcecode.swift; path = DataStore.swift; sourceTree = "<group>"; };
		F974DDA81BC1C22B004AF002 /* FriendsListViewDataSource.swift */ = {isa = PBXFileReference; fileEncoding = 4; lastKnownFileType = sourcecode.swift; path = FriendsListViewDataSource.swift; sourceTree = "<group>"; };
		F99106B31B9CA37600CE0EC5 /* Person.swift */ = {isa = PBXFileReference; fileEncoding = 4; lastKnownFileType = sourcecode.swift; path = Person.swift; sourceTree = "<group>"; };
/* End PBXFileReference section */

/* Begin PBXFrameworksBuildPhase section */
		F916BEBB1B8F77AE00D37396 /* Frameworks */ = {
			isa = PBXFrameworksBuildPhase;
			buildActionMask = 2147483647;
			files = (
				F916BEF41B8F899F00D37396 /* HealthKit.framework in Frameworks */,
				F916BEF71B8F89AE00D37396 /* CloudKit.framework in Frameworks */,
				F961902E1BEA9817003D4B36 /* CloudDataStore.framework in Frameworks */,
			);
			runOnlyForDeploymentPostprocessing = 0;
		};
		F916BED11B8F77AF00D37396 /* Frameworks */ = {
			isa = PBXFrameworksBuildPhase;
			buildActionMask = 2147483647;
			files = (
			);
			runOnlyForDeploymentPostprocessing = 0;
		};
		F916BEDC1B8F77AF00D37396 /* Frameworks */ = {
			isa = PBXFrameworksBuildPhase;
			buildActionMask = 2147483647;
			files = (
			);
			runOnlyForDeploymentPostprocessing = 0;
		};
		F96190151BEA9817003D4B36 /* Frameworks */ = {
			isa = PBXFrameworksBuildPhase;
			buildActionMask = 2147483647;
			files = (
			);
			runOnlyForDeploymentPostprocessing = 0;
		};
		F961901F1BEA9817003D4B36 /* Frameworks */ = {
			isa = PBXFrameworksBuildPhase;
			buildActionMask = 2147483647;
			files = (
				F96190231BEA9817003D4B36 /* CloudDataStore.framework in Frameworks */,
			);
			runOnlyForDeploymentPostprocessing = 0;
		};
/* End PBXFrameworksBuildPhase section */

/* Begin PBXGroup section */
		F916BEB51B8F77AE00D37396 = {
			isa = PBXGroup;
			children = (
				F916BEF61B8F89AE00D37396 /* CloudKit.framework */,
				F916BEF31B8F899F00D37396 /* HealthKit.framework */,
				F916BEC01B8F77AE00D37396 /* First */,
				F916BED71B8F77AF00D37396 /* FirstTests */,
				F916BEE21B8F77AF00D37396 /* FirstUITests */,
				F961901A1BEA9817003D4B36 /* CloudDataStore */,
				F96190281BEA9817003D4B36 /* CloudDataStoreTests */,
				F916BEBF1B8F77AE00D37396 /* Products */,
			);
			sourceTree = "<group>";
		};
		F916BEBF1B8F77AE00D37396 /* Products */ = {
			isa = PBXGroup;
			children = (
				F916BEBE1B8F77AE00D37396 /* First.app */,
				F916BED41B8F77AF00D37396 /* FirstTests.xctest */,
				F916BEDF1B8F77AF00D37396 /* FirstUITests.xctest */,
				F96190191BEA9817003D4B36 /* CloudDataStore.framework */,
				F96190221BEA9817003D4B36 /* CloudDataStoreTests.xctest */,
			);
			name = Products;
			sourceTree = "<group>";
		};
		F916BEC01B8F77AE00D37396 /* First */ = {
			isa = PBXGroup;
			children = (
				F974DDA71BC1C202004AF002 /* VCDataSource */,
				F974DDA51BC1C1C0004AF002 /* Authentication */,
				F974DDA41BC1C1B1004AF002 /* ViewControllers */,
				F9E28A2F1B925E5D0009474D /* Data */,
				F916BEF51B8F899F00D37396 /* First.entitlements */,
				F916BEC11B8F77AE00D37396 /* AppDelegate.swift */,
				F916BEC71B8F77AF00D37396 /* Main.storyboard */,
				F916BECA1B8F77AF00D37396 /* Assets.xcassets */,
				F916BECC1B8F77AF00D37396 /* LaunchScreen.storyboard */,
				F916BECF1B8F77AF00D37396 /* Info.plist */,
			);
			path = First;
			sourceTree = "<group>";
		};
		F916BED71B8F77AF00D37396 /* FirstTests */ = {
			isa = PBXGroup;
			children = (
				F916BED81B8F77AF00D37396 /* FirstTests.swift */,
				F916BEDA1B8F77AF00D37396 /* Info.plist */,
			);
			path = FirstTests;
			sourceTree = "<group>";
		};
		F916BEE21B8F77AF00D37396 /* FirstUITests */ = {
			isa = PBXGroup;
			children = (
				F916BEE31B8F77AF00D37396 /* FirstUITests.swift */,
				F916BEE51B8F77AF00D37396 /* Info.plist */,
			);
			path = FirstUITests;
			sourceTree = "<group>";
		};
		F961901A1BEA9817003D4B36 /* CloudDataStore */ = {
			isa = PBXGroup;
			children = (
				F96190371BEA98A7003D4B36 /* DataStore.swift */,
				F961901B1BEA9817003D4B36 /* CloudDataStore.h */,
				F961901D1BEA9817003D4B36 /* Info.plist */,
			);
			path = CloudDataStore;
			sourceTree = "<group>";
		};
		F96190281BEA9817003D4B36 /* CloudDataStoreTests */ = {
			isa = PBXGroup;
			children = (
				F96190291BEA9817003D4B36 /* CloudDataStoreTests.swift */,
				F961902B1BEA9817003D4B36 /* Info.plist */,
			);
			path = CloudDataStoreTests;
			sourceTree = "<group>";
		};
		F974DDA41BC1C1B1004AF002 /* ViewControllers */ = {
			isa = PBXGroup;
			children = (
				F916BEC31B8F77AE00D37396 /* FirstViewController.swift */,
			);
			name = ViewControllers;
			sourceTree = "<group>";
		};
		F974DDA51BC1C1C0004AF002 /* Authentication */ = {
			isa = PBXGroup;
			children = (
				F960A9FE1B93457700336790 /* Authenticator.swift */,
			);
			name = Authentication;
			sourceTree = "<group>";
		};
		F974DDA71BC1C202004AF002 /* VCDataSource */ = {
			isa = PBXGroup;
			children = (
				F974DDA81BC1C22B004AF002 /* FriendsListViewDataSource.swift */,
			);
			name = VCDataSource;
			sourceTree = "<group>";
		};
		F9E28A2F1B925E5D0009474D /* Data */ = {
			isa = PBXGroup;
			children = (
				F916BEF11B8F77D600D37396 /* HKHealthStore+Convenience.swift */,
				F99106B31B9CA37600CE0EC5 /* Person.swift */,
				F94FA0D31B9B74C4001D0BFA /* ActivityStore.swift */,
			);
			name = Data;
			sourceTree = "<group>";
		};
/* End PBXGroup section */

/* Begin PBXHeadersBuildPhase section */
		F96190161BEA9817003D4B36 /* Headers */ = {
			isa = PBXHeadersBuildPhase;
			buildActionMask = 2147483647;
			files = (
				F961901C1BEA9817003D4B36 /* CloudDataStore.h in Headers */,
				F96190391BEA99F6003D4B36 /* DataStore.swift in Headers */,
			);
			runOnlyForDeploymentPostprocessing = 0;
		};
/* End PBXHeadersBuildPhase section */

/* Begin PBXNativeTarget section */
		F916BEBD1B8F77AE00D37396 /* First */ = {
			isa = PBXNativeTarget;
			buildConfigurationList = F916BEE81B8F77AF00D37396 /* Build configuration list for PBXNativeTarget "First" */;
			buildPhases = (
				F916BEBA1B8F77AE00D37396 /* Sources */,
				F916BEBB1B8F77AE00D37396 /* Frameworks */,
				F916BEBC1B8F77AE00D37396 /* Resources */,
				F96190351BEA9817003D4B36 /* Embed Frameworks */,
			);
			buildRules = (
			);
			dependencies = (
				F961902D1BEA9817003D4B36 /* PBXTargetDependency */,
			);
			name = First;
			productName = First;
			productReference = F916BEBE1B8F77AE00D37396 /* First.app */;
			productType = "com.apple.product-type.application";
		};
		F916BED31B8F77AF00D37396 /* FirstTests */ = {
			isa = PBXNativeTarget;
			buildConfigurationList = F916BEEB1B8F77AF00D37396 /* Build configuration list for PBXNativeTarget "FirstTests" */;
			buildPhases = (
				F916BED01B8F77AF00D37396 /* Sources */,
				F916BED11B8F77AF00D37396 /* Frameworks */,
				F916BED21B8F77AF00D37396 /* Resources */,
			);
			buildRules = (
			);
			dependencies = (
				F916BED61B8F77AF00D37396 /* PBXTargetDependency */,
			);
			name = FirstTests;
			productName = FirstTests;
			productReference = F916BED41B8F77AF00D37396 /* FirstTests.xctest */;
			productType = "com.apple.product-type.bundle.unit-test";
		};
		F916BEDE1B8F77AF00D37396 /* FirstUITests */ = {
			isa = PBXNativeTarget;
			buildConfigurationList = F916BEEE1B8F77AF00D37396 /* Build configuration list for PBXNativeTarget "FirstUITests" */;
			buildPhases = (
				F916BEDB1B8F77AF00D37396 /* Sources */,
				F916BEDC1B8F77AF00D37396 /* Frameworks */,
				F916BEDD1B8F77AF00D37396 /* Resources */,
			);
			buildRules = (
			);
			dependencies = (
				F916BEE11B8F77AF00D37396 /* PBXTargetDependency */,
			);
			name = FirstUITests;
			productName = FirstUITests;
			productReference = F916BEDF1B8F77AF00D37396 /* FirstUITests.xctest */;
			productType = "com.apple.product-type.bundle.ui-testing";
		};
		F96190181BEA9817003D4B36 /* CloudDataStore */ = {
			isa = PBXNativeTarget;
			buildConfigurationList = F96190341BEA9817003D4B36 /* Build configuration list for PBXNativeTarget "CloudDataStore" */;
			buildPhases = (
				F96190141BEA9817003D4B36 /* Sources */,
				F96190151BEA9817003D4B36 /* Frameworks */,
				F96190161BEA9817003D4B36 /* Headers */,
				F96190171BEA9817003D4B36 /* Resources */,
			);
			buildRules = (
			);
			dependencies = (
			);
			name = CloudDataStore;
			productName = CloudDataStore;
			productReference = F96190191BEA9817003D4B36 /* CloudDataStore.framework */;
			productType = "com.apple.product-type.framework";
		};
		F96190211BEA9817003D4B36 /* CloudDataStoreTests */ = {
			isa = PBXNativeTarget;
			buildConfigurationList = F96190361BEA9817003D4B36 /* Build configuration list for PBXNativeTarget "CloudDataStoreTests" */;
			buildPhases = (
				F961901E1BEA9817003D4B36 /* Sources */,
				F961901F1BEA9817003D4B36 /* Frameworks */,
				F96190201BEA9817003D4B36 /* Resources */,
			);
			buildRules = (
			);
			dependencies = (
				F96190251BEA9817003D4B36 /* PBXTargetDependency */,
				F96190271BEA9817003D4B36 /* PBXTargetDependency */,
			);
			name = CloudDataStoreTests;
			productName = CloudDataStoreTests;
			productReference = F96190221BEA9817003D4B36 /* CloudDataStoreTests.xctest */;
			productType = "com.apple.product-type.bundle.unit-test";
		};
/* End PBXNativeTarget section */

/* Begin PBXProject section */
		F916BEB61B8F77AE00D37396 /* Project object */ = {
			isa = PBXProject;
			attributes = {
				LastSwiftUpdateCheck = 0710;
				LastUpgradeCheck = 0700;
				ORGANIZATIONNAME = First;
				TargetAttributes = {
					F916BEBD1B8F77AE00D37396 = {
						CreatedOnToolsVersion = 7.0;
						DevelopmentTeam = DWM77K6AFX;
						SystemCapabilities = {
							com.apple.HealthKit = {
								enabled = 1;
							};
							com.apple.iCloud = {
								enabled = 1;
							};
						};
					};
					F916BED31B8F77AF00D37396 = {
						CreatedOnToolsVersion = 7.0;
						TestTargetID = F916BEBD1B8F77AE00D37396;
					};
					F916BEDE1B8F77AF00D37396 = {
						CreatedOnToolsVersion = 7.0;
						TestTargetID = F916BEBD1B8F77AE00D37396;
					};
					F96190181BEA9817003D4B36 = {
						CreatedOnToolsVersion = 7.1;
						DevelopmentTeam = DWM77K6AFX;
					};
					F96190211BEA9817003D4B36 = {
						CreatedOnToolsVersion = 7.1;
						TestTargetID = F916BEBD1B8F77AE00D37396;
					};
				};
			};
			buildConfigurationList = F916BEB91B8F77AE00D37396 /* Build configuration list for PBXProject "First" */;
			compatibilityVersion = "Xcode 3.2";
			developmentRegion = English;
			hasScannedForEncodings = 0;
			knownRegions = (
				en,
				Base,
			);
			mainGroup = F916BEB51B8F77AE00D37396;
			productRefGroup = F916BEBF1B8F77AE00D37396 /* Products */;
			projectDirPath = "";
			projectRoot = "";
			targets = (
				F916BEBD1B8F77AE00D37396 /* First */,
				F916BED31B8F77AF00D37396 /* FirstTests */,
				F916BEDE1B8F77AF00D37396 /* FirstUITests */,
				F96190181BEA9817003D4B36 /* CloudDataStore */,
				F96190211BEA9817003D4B36 /* CloudDataStoreTests */,
			);
		};
/* End PBXProject section */

/* Begin PBXResourcesBuildPhase section */
		F916BEBC1B8F77AE00D37396 /* Resources */ = {
			isa = PBXResourcesBuildPhase;
			buildActionMask = 2147483647;
			files = (
				F916BECE1B8F77AF00D37396 /* LaunchScreen.storyboard in Resources */,
				F916BECB1B8F77AF00D37396 /* Assets.xcassets in Resources */,
				F916BEC91B8F77AF00D37396 /* Main.storyboard in Resources */,
			);
			runOnlyForDeploymentPostprocessing = 0;
		};
		F916BED21B8F77AF00D37396 /* Resources */ = {
			isa = PBXResourcesBuildPhase;
			buildActionMask = 2147483647;
			files = (
			);
			runOnlyForDeploymentPostprocessing = 0;
		};
		F916BEDD1B8F77AF00D37396 /* Resources */ = {
			isa = PBXResourcesBuildPhase;
			buildActionMask = 2147483647;
			files = (
			);
			runOnlyForDeploymentPostprocessing = 0;
		};
		F96190171BEA9817003D4B36 /* Resources */ = {
			isa = PBXResourcesBuildPhase;
			buildActionMask = 2147483647;
			files = (
			);
			runOnlyForDeploymentPostprocessing = 0;
		};
		F96190201BEA9817003D4B36 /* Resources */ = {
			isa = PBXResourcesBuildPhase;
			buildActionMask = 2147483647;
			files = (
			);
			runOnlyForDeploymentPostprocessing = 0;
		};
/* End PBXResourcesBuildPhase section */

/* Begin PBXSourcesBuildPhase section */
		F916BEBA1B8F77AE00D37396 /* Sources */ = {
			isa = PBXSourcesBuildPhase;
			buildActionMask = 2147483647;
			files = (
				F916BEF21B8F77D600D37396 /* HKHealthStore+Convenience.swift in Sources */,
				F94FA0D41B9B74C4001D0BFA /* ActivityStore.swift in Sources */,
				F99106B41B9CA37600CE0EC5 /* Person.swift in Sources */,
				F916BEC21B8F77AE00D37396 /* AppDelegate.swift in Sources */,
				F916BEC41B8F77AE00D37396 /* FirstViewController.swift in Sources */,
				F960A9FF1B93457700336790 /* Authenticator.swift in Sources */,
				F974DDA91BC1C22B004AF002 /* FriendsListViewDataSource.swift in Sources */,
			);
			runOnlyForDeploymentPostprocessing = 0;
		};
		F916BED01B8F77AF00D37396 /* Sources */ = {
			isa = PBXSourcesBuildPhase;
			buildActionMask = 2147483647;
			files = (
				F916BED91B8F77AF00D37396 /* FirstTests.swift in Sources */,
			);
			runOnlyForDeploymentPostprocessing = 0;
		};
		F916BEDB1B8F77AF00D37396 /* Sources */ = {
			isa = PBXSourcesBuildPhase;
			buildActionMask = 2147483647;
			files = (
				F916BEE41B8F77AF00D37396 /* FirstUITests.swift in Sources */,
			);
			runOnlyForDeploymentPostprocessing = 0;
		};
		F96190141BEA9817003D4B36 /* Sources */ = {
			isa = PBXSourcesBuildPhase;
			buildActionMask = 2147483647;
			files = (
				F961903A1BEA9BAC003D4B36 /* CloudDataStore.h in Sources */,
				F96190381BEA98A7003D4B36 /* DataStore.swift in Sources */,
			);
			runOnlyForDeploymentPostprocessing = 0;
		};
		F961901E1BEA9817003D4B36 /* Sources */ = {
			isa = PBXSourcesBuildPhase;
			buildActionMask = 2147483647;
			files = (
				F961902A1BEA9817003D4B36 /* CloudDataStoreTests.swift in Sources */,
			);
			runOnlyForDeploymentPostprocessing = 0;
		};
/* End PBXSourcesBuildPhase section */

/* Begin PBXTargetDependency section */
		F916BED61B8F77AF00D37396 /* PBXTargetDependency */ = {
			isa = PBXTargetDependency;
			target = F916BEBD1B8F77AE00D37396 /* First */;
			targetProxy = F916BED51B8F77AF00D37396 /* PBXContainerItemProxy */;
		};
		F916BEE11B8F77AF00D37396 /* PBXTargetDependency */ = {
			isa = PBXTargetDependency;
			target = F916BEBD1B8F77AE00D37396 /* First */;
			targetProxy = F916BEE01B8F77AF00D37396 /* PBXContainerItemProxy */;
		};
		F96190251BEA9817003D4B36 /* PBXTargetDependency */ = {
			isa = PBXTargetDependency;
			target = F96190181BEA9817003D4B36 /* CloudDataStore */;
			targetProxy = F96190241BEA9817003D4B36 /* PBXContainerItemProxy */;
		};
		F96190271BEA9817003D4B36 /* PBXTargetDependency */ = {
			isa = PBXTargetDependency;
			target = F916BEBD1B8F77AE00D37396 /* First */;
			targetProxy = F96190261BEA9817003D4B36 /* PBXContainerItemProxy */;
		};
		F961902D1BEA9817003D4B36 /* PBXTargetDependency */ = {
			isa = PBXTargetDependency;
			target = F96190181BEA9817003D4B36 /* CloudDataStore */;
			targetProxy = F961902C1BEA9817003D4B36 /* PBXContainerItemProxy */;
		};
/* End PBXTargetDependency section */

/* Begin PBXVariantGroup section */
		F916BEC71B8F77AF00D37396 /* Main.storyboard */ = {
			isa = PBXVariantGroup;
			children = (
				F916BEC81B8F77AF00D37396 /* Base */,
			);
			name = Main.storyboard;
			sourceTree = "<group>";
		};
		F916BECC1B8F77AF00D37396 /* LaunchScreen.storyboard */ = {
			isa = PBXVariantGroup;
			children = (
				F916BECD1B8F77AF00D37396 /* Base */,
			);
			name = LaunchScreen.storyboard;
			sourceTree = "<group>";
		};
/* End PBXVariantGroup section */

/* Begin XCBuildConfiguration section */
		F916BEE61B8F77AF00D37396 /* Debug */ = {
			isa = XCBuildConfiguration;
			buildSettings = {
				ALWAYS_SEARCH_USER_PATHS = NO;
				CLANG_CXX_LANGUAGE_STANDARD = "gnu++0x";
				CLANG_CXX_LIBRARY = "libc++";
				CLANG_ENABLE_MODULES = YES;
				CLANG_ENABLE_OBJC_ARC = YES;
				CLANG_WARN_BOOL_CONVERSION = YES;
				CLANG_WARN_CONSTANT_CONVERSION = YES;
				CLANG_WARN_DIRECT_OBJC_ISA_USAGE = YES_ERROR;
				CLANG_WARN_EMPTY_BODY = YES;
				CLANG_WARN_ENUM_CONVERSION = YES;
				CLANG_WARN_INT_CONVERSION = YES;
				CLANG_WARN_OBJC_ROOT_CLASS = YES_ERROR;
				CLANG_WARN_UNREACHABLE_CODE = YES;
				CLANG_WARN__DUPLICATE_METHOD_MATCH = YES;
				"CODE_SIGN_IDENTITY[sdk=iphoneos*]" = "iPhone Developer";
				COPY_PHASE_STRIP = NO;
				DEBUG_INFORMATION_FORMAT = dwarf;
				ENABLE_STRICT_OBJC_MSGSEND = YES;
				ENABLE_TESTABILITY = YES;
				GCC_C_LANGUAGE_STANDARD = gnu99;
				GCC_DYNAMIC_NO_PIC = NO;
				GCC_NO_COMMON_BLOCKS = YES;
				GCC_OPTIMIZATION_LEVEL = 0;
				GCC_PREPROCESSOR_DEFINITIONS = (
					"DEBUG=1",
					"$(inherited)",
				);
				GCC_WARN_64_TO_32_BIT_CONVERSION = YES;
				GCC_WARN_ABOUT_RETURN_TYPE = YES_ERROR;
				GCC_WARN_UNDECLARED_SELECTOR = YES;
				GCC_WARN_UNINITIALIZED_AUTOS = YES_AGGRESSIVE;
				GCC_WARN_UNUSED_FUNCTION = YES;
				GCC_WARN_UNUSED_VARIABLE = YES;
				IPHONEOS_DEPLOYMENT_TARGET = 9.0;
				MTL_ENABLE_DEBUG_INFO = YES;
				ONLY_ACTIVE_ARCH = YES;
				SDKROOT = iphoneos;
				SWIFT_OPTIMIZATION_LEVEL = "-Onone";
			};
			name = Debug;
		};
		F916BEE71B8F77AF00D37396 /* Release */ = {
			isa = XCBuildConfiguration;
			buildSettings = {
				ALWAYS_SEARCH_USER_PATHS = NO;
				CLANG_CXX_LANGUAGE_STANDARD = "gnu++0x";
				CLANG_CXX_LIBRARY = "libc++";
				CLANG_ENABLE_MODULES = YES;
				CLANG_ENABLE_OBJC_ARC = YES;
				CLANG_WARN_BOOL_CONVERSION = YES;
				CLANG_WARN_CONSTANT_CONVERSION = YES;
				CLANG_WARN_DIRECT_OBJC_ISA_USAGE = YES_ERROR;
				CLANG_WARN_EMPTY_BODY = YES;
				CLANG_WARN_ENUM_CONVERSION = YES;
				CLANG_WARN_INT_CONVERSION = YES;
				CLANG_WARN_OBJC_ROOT_CLASS = YES_ERROR;
				CLANG_WARN_UNREACHABLE_CODE = YES;
				CLANG_WARN__DUPLICATE_METHOD_MATCH = YES;
				"CODE_SIGN_IDENTITY[sdk=iphoneos*]" = "iPhone Developer";
				COPY_PHASE_STRIP = NO;
				DEBUG_INFORMATION_FORMAT = "dwarf-with-dsym";
				ENABLE_NS_ASSERTIONS = NO;
				ENABLE_STRICT_OBJC_MSGSEND = YES;
				GCC_C_LANGUAGE_STANDARD = gnu99;
				GCC_NO_COMMON_BLOCKS = YES;
				GCC_WARN_64_TO_32_BIT_CONVERSION = YES;
				GCC_WARN_ABOUT_RETURN_TYPE = YES_ERROR;
				GCC_WARN_UNDECLARED_SELECTOR = YES;
				GCC_WARN_UNINITIALIZED_AUTOS = YES_AGGRESSIVE;
				GCC_WARN_UNUSED_FUNCTION = YES;
				GCC_WARN_UNUSED_VARIABLE = YES;
				IPHONEOS_DEPLOYMENT_TARGET = 9.0;
				MTL_ENABLE_DEBUG_INFO = NO;
				SDKROOT = iphoneos;
				VALIDATE_PRODUCT = YES;
			};
			name = Release;
		};
		F916BEE91B8F77AF00D37396 /* Debug */ = {
			isa = XCBuildConfiguration;
			buildSettings = {
				ASSETCATALOG_COMPILER_APPICON_NAME = AppIcon;
				CODE_SIGN_ENTITLEMENTS = First/First.entitlements;
				CODE_SIGN_IDENTITY = "iPhone Developer";
				"CODE_SIGN_IDENTITY[sdk=iphoneos*]" = "iPhone Developer";
				EMBEDDED_CONTENT_CONTAINS_SWIFT = YES;
				INFOPLIST_FILE = First/Info.plist;
				LD_RUNPATH_SEARCH_PATHS = "$(inherited) @executable_path/Frameworks";
				PRODUCT_BUNDLE_IDENTIFIER = com.first.client.First;
				PRODUCT_NAME = "$(TARGET_NAME)";
				PROVISIONING_PROFILE = "";
			};
			name = Debug;
		};
		F916BEEA1B8F77AF00D37396 /* Release */ = {
			isa = XCBuildConfiguration;
			buildSettings = {
				ASSETCATALOG_COMPILER_APPICON_NAME = AppIcon;
				CODE_SIGN_ENTITLEMENTS = First/First.entitlements;
				CODE_SIGN_IDENTITY = "iPhone Developer";
				"CODE_SIGN_IDENTITY[sdk=iphoneos*]" = "iPhone Developer";
				EMBEDDED_CONTENT_CONTAINS_SWIFT = YES;
				INFOPLIST_FILE = First/Info.plist;
				LD_RUNPATH_SEARCH_PATHS = "$(inherited) @executable_path/Frameworks";
				PRODUCT_BUNDLE_IDENTIFIER = com.first.client.First;
				PRODUCT_NAME = "$(TARGET_NAME)";
				PROVISIONING_PROFILE = "";
			};
			name = Release;
		};
		F916BEEC1B8F77AF00D37396 /* Debug */ = {
			isa = XCBuildConfiguration;
			buildSettings = {
				BUNDLE_LOADER = "$(TEST_HOST)";
				INFOPLIST_FILE = FirstTests/Info.plist;
				LD_RUNPATH_SEARCH_PATHS = "$(inherited) @executable_path/Frameworks @loader_path/Frameworks";
				PRODUCT_BUNDLE_IDENTIFIER = com.first.client.FirstTests;
				PRODUCT_NAME = "$(TARGET_NAME)";
				TEST_HOST = "$(BUILT_PRODUCTS_DIR)/First.app/First";
			};
			name = Debug;
		};
		F916BEED1B8F77AF00D37396 /* Release */ = {
			isa = XCBuildConfiguration;
			buildSettings = {
				BUNDLE_LOADER = "$(TEST_HOST)";
				INFOPLIST_FILE = FirstTests/Info.plist;
				LD_RUNPATH_SEARCH_PATHS = "$(inherited) @executable_path/Frameworks @loader_path/Frameworks";
				PRODUCT_BUNDLE_IDENTIFIER = com.first.client.FirstTests;
				PRODUCT_NAME = "$(TARGET_NAME)";
				TEST_HOST = "$(BUILT_PRODUCTS_DIR)/First.app/First";
			};
			name = Release;
		};
		F916BEEF1B8F77AF00D37396 /* Debug */ = {
			isa = XCBuildConfiguration;
			buildSettings = {
				INFOPLIST_FILE = FirstUITests/Info.plist;
				LD_RUNPATH_SEARCH_PATHS = "$(inherited) @executable_path/Frameworks @loader_path/Frameworks";
				PRODUCT_BUNDLE_IDENTIFIER = com.first.client.FirstUITests;
				PRODUCT_NAME = "$(TARGET_NAME)";
				TEST_TARGET_NAME = First;
				USES_XCTRUNNER = YES;
			};
			name = Debug;
		};
		F916BEF01B8F77AF00D37396 /* Release */ = {
			isa = XCBuildConfiguration;
			buildSettings = {
				INFOPLIST_FILE = FirstUITests/Info.plist;
				LD_RUNPATH_SEARCH_PATHS = "$(inherited) @executable_path/Frameworks @loader_path/Frameworks";
				PRODUCT_BUNDLE_IDENTIFIER = com.first.client.FirstUITests;
				PRODUCT_NAME = "$(TARGET_NAME)";
				TEST_TARGET_NAME = First;
				USES_XCTRUNNER = YES;
			};
			name = Release;
		};
		F96190301BEA9817003D4B36 /* Debug */ = {
			isa = XCBuildConfiguration;
			buildSettings = {
				CLANG_ENABLE_MODULES = YES;
				CODE_SIGN_IDENTITY = "iPhone Developer";
				"CODE_SIGN_IDENTITY[sdk=iphoneos*]" = "iPhone Developer";
				CURRENT_PROJECT_VERSION = 1;
				DEFINES_MODULE = YES;
				DYLIB_COMPATIBILITY_VERSION = 1;
				DYLIB_CURRENT_VERSION = 1;
				DYLIB_INSTALL_NAME_BASE = "@rpath";
				INFOPLIST_FILE = CloudDataStore/Info.plist;
				INSTALL_PATH = "$(LOCAL_LIBRARY_DIR)/Frameworks";
				IPHONEOS_DEPLOYMENT_TARGET = 9.0;
				LD_RUNPATH_SEARCH_PATHS = "$(inherited) @executable_path/Frameworks @loader_path/Frameworks";
				PRODUCT_BUNDLE_IDENTIFIER = com.mayank.first.CloudDataStore;
				PRODUCT_NAME = "$(TARGET_NAME)";
				SKIP_INSTALL = YES;
				SWIFT_OPTIMIZATION_LEVEL = "-Onone";
				TARGETED_DEVICE_FAMILY = 1;
				VERSIONING_SYSTEM = "apple-generic";
				VERSION_INFO_PREFIX = "";
			};
			name = Debug;
		};
		F96190311BEA9817003D4B36 /* Release */ = {
			isa = XCBuildConfiguration;
			buildSettings = {
				CLANG_ENABLE_MODULES = YES;
				CODE_SIGN_IDENTITY = "iPhone Developer";
				"CODE_SIGN_IDENTITY[sdk=iphoneos*]" = "iPhone Developer";
				CURRENT_PROJECT_VERSION = 1;
				DEFINES_MODULE = YES;
				DYLIB_COMPATIBILITY_VERSION = 1;
				DYLIB_CURRENT_VERSION = 1;
				DYLIB_INSTALL_NAME_BASE = "@rpath";
				INFOPLIST_FILE = CloudDataStore/Info.plist;
				INSTALL_PATH = "$(LOCAL_LIBRARY_DIR)/Frameworks";
				IPHONEOS_DEPLOYMENT_TARGET = 9.0;
				LD_RUNPATH_SEARCH_PATHS = "$(inherited) @executable_path/Frameworks @loader_path/Frameworks";
				PRODUCT_BUNDLE_IDENTIFIER = com.mayank.first.CloudDataStore;
				PRODUCT_NAME = "$(TARGET_NAME)";
				SKIP_INSTALL = YES;
				TARGETED_DEVICE_FAMILY = 1;
				VERSIONING_SYSTEM = "apple-generic";
				VERSION_INFO_PREFIX = "";
			};
			name = Release;
		};
		F96190321BEA9817003D4B36 /* Debug */ = {
			isa = XCBuildConfiguration;
			buildSettings = {
				INFOPLIST_FILE = CloudDataStoreTests/Info.plist;
				IPHONEOS_DEPLOYMENT_TARGET = 9.1;
				LD_RUNPATH_SEARCH_PATHS = "$(inherited) @executable_path/Frameworks @loader_path/Frameworks";
				PRODUCT_BUNDLE_IDENTIFIER = com.mayank.first.CloudDataStoreTests;
				PRODUCT_NAME = "$(TARGET_NAME)";
				TEST_HOST = "$(BUILT_PRODUCTS_DIR)/First.app/First";
			};
			name = Debug;
		};
		F96190331BEA9817003D4B36 /* Release */ = {
			isa = XCBuildConfiguration;
			buildSettings = {
				INFOPLIST_FILE = CloudDataStoreTests/Info.plist;
				IPHONEOS_DEPLOYMENT_TARGET = 9.1;
				LD_RUNPATH_SEARCH_PATHS = "$(inherited) @executable_path/Frameworks @loader_path/Frameworks";
				PRODUCT_BUNDLE_IDENTIFIER = com.mayank.first.CloudDataStoreTests;
				PRODUCT_NAME = "$(TARGET_NAME)";
				TEST_HOST = "$(BUILT_PRODUCTS_DIR)/First.app/First";
			};
			name = Release;
		};
/* End XCBuildConfiguration section */

/* Begin XCConfigurationList section */
		F916BEB91B8F77AE00D37396 /* Build configuration list for PBXProject "First" */ = {
			isa = XCConfigurationList;
			buildConfigurations = (
				F916BEE61B8F77AF00D37396 /* Debug */,
				F916BEE71B8F77AF00D37396 /* Release */,
			);
			defaultConfigurationIsVisible = 0;
			defaultConfigurationName = Release;
		};
		F916BEE81B8F77AF00D37396 /* Build configuration list for PBXNativeTarget "First" */ = {
			isa = XCConfigurationList;
			buildConfigurations = (
				F916BEE91B8F77AF00D37396 /* Debug */,
				F916BEEA1B8F77AF00D37396 /* Release */,
			);
			defaultConfigurationIsVisible = 0;
			defaultConfigurationName = Release;
		};
		F916BEEB1B8F77AF00D37396 /* Build configuration list for PBXNativeTarget "FirstTests" */ = {
			isa = XCConfigurationList;
			buildConfigurations = (
				F916BEEC1B8F77AF00D37396 /* Debug */,
				F916BEED1B8F77AF00D37396 /* Release */,
			);
			defaultConfigurationIsVisible = 0;
			defaultConfigurationName = Release;
		};
		F916BEEE1B8F77AF00D37396 /* Build configuration list for PBXNativeTarget "FirstUITests" */ = {
			isa = XCConfigurationList;
			buildConfigurations = (
				F916BEEF1B8F77AF00D37396 /* Debug */,
				F916BEF01B8F77AF00D37396 /* Release */,
			);
			defaultConfigurationIsVisible = 0;
			defaultConfigurationName = Release;
		};
		F96190341BEA9817003D4B36 /* Build configuration list for PBXNativeTarget "CloudDataStore" */ = {
			isa = XCConfigurationList;
			buildConfigurations = (
				F96190301BEA9817003D4B36 /* Debug */,
				F96190311BEA9817003D4B36 /* Release */,
			);
			defaultConfigurationIsVisible = 0;
		};
		F96190361BEA9817003D4B36 /* Build configuration list for PBXNativeTarget "CloudDataStoreTests" */ = {
			isa = XCConfigurationList;
			buildConfigurations = (
				F96190321BEA9817003D4B36 /* Debug */,
				F96190331BEA9817003D4B36 /* Release */,
			);
			defaultConfigurationIsVisible = 0;
		};
/* End XCConfigurationList section */
	};
	rootObject = F916BEB61B8F77AE00D37396 /* Project object */;
}
