// !$*UTF8*$!
{
	archiveVersion = 1;
	classes = {
	};
	objectVersion = 46;
	objects = {

/* Begin PBXBuildFile section */
		F916BEC21B8F77AE00D37396 /* AppDelegate.swift in Sources */ = {isa = PBXBuildFile; fileRef = F916BEC11B8F77AE00D37396 /* AppDelegate.swift */; };
		F916BEC41B8F77AE00D37396 /* FirstViewController.swift in Sources */ = {isa = PBXBuildFile; fileRef = F916BEC31B8F77AE00D37396 /* FirstViewController.swift */; };
		F916BEC61B8F77AE00D37396 /* SecondViewController.swift in Sources */ = {isa = PBXBuildFile; fileRef = F916BEC51B8F77AE00D37396 /* SecondViewController.swift */; };
		F916BEC91B8F77AF00D37396 /* Main.storyboard in Resources */ = {isa = PBXBuildFile; fileRef = F916BEC71B8F77AF00D37396 /* Main.storyboard */; };
		F916BECB1B8F77AF00D37396 /* Assets.xcassets in Resources */ = {isa = PBXBuildFile; fileRef = F916BECA1B8F77AF00D37396 /* Assets.xcassets */; };
		F916BECE1B8F77AF00D37396 /* LaunchScreen.storyboard in Resources */ = {isa = PBXBuildFile; fileRef = F916BECC1B8F77AF00D37396 /* LaunchScreen.storyboard */; };
		F916BED91B8F77AF00D37396 /* FirstTests.swift in Sources */ = {isa = PBXBuildFile; fileRef = F916BED81B8F77AF00D37396 /* FirstTests.swift */; };
		F916BEE41B8F77AF00D37396 /* FirstUITests.swift in Sources */ = {isa = PBXBuildFile; fileRef = F916BEE31B8F77AF00D37396 /* FirstUITests.swift */; };
		F916BEF21B8F77D600D37396 /* HKHealthStore+Convenience.swift in Sources */ = {isa = PBXBuildFile; fileRef = F916BEF11B8F77D600D37396 /* HKHealthStore+Convenience.swift */; };
		F916BEF41B8F899F00D37396 /* HealthKit.framework in Frameworks */ = {isa = PBXBuildFile; fileRef = F916BEF31B8F899F00D37396 /* HealthKit.framework */; };
		F916BEF71B8F89AE00D37396 /* CloudKit.framework in Frameworks */ = {isa = PBXBuildFile; fileRef = F916BEF61B8F89AE00D37396 /* CloudKit.framework */; };
/* End PBXBuildFile section */

/* Begin PBXContainerItemProxy section */
		F916BED51B8F77AF00D37396 /* PBXContainerItemProxy */ = {
			isa = PBXContainerItemProxy;
			containerPortal = F916BEB61B8F77AE00D37396 /* Project object */;
			proxyType = 1;
			remoteGlobalIDString = F916BEBD1B8F77AE00D37396;
			remoteInfo = First;
		};
		F916BEE01B8F77AF00D37396 /* PBXContainerItemProxy */ = {
			isa = PBXContainerItemProxy;
			containerPortal = F916BEB61B8F77AE00D37396 /* Project object */;
			proxyType = 1;
			remoteGlobalIDString = F916BEBD1B8F77AE00D37396;
			remoteInfo = First;
		};
/* End PBXContainerItemProxy section */

/* Begin PBXFileReference section */
		F916BEBE1B8F77AE00D37396 /* First.app */ = {isa = PBXFileReference; explicitFileType = wrapper.application; includeInIndex = 0; path = First.app; sourceTree = BUILT_PRODUCTS_DIR; };
		F916BEC11B8F77AE00D37396 /* AppDelegate.swift */ = {isa = PBXFileReference; lastKnownFileType = sourcecode.swift; path = AppDelegate.swift; sourceTree = "<group>"; };
		F916BEC31B8F77AE00D37396 /* FirstViewController.swift */ = {isa = PBXFileReference; lastKnownFileType = sourcecode.swift; path = FirstViewController.swift; sourceTree = "<group>"; };
		F916BEC51B8F77AE00D37396 /* SecondViewController.swift */ = {isa = PBXFileReference; lastKnownFileType = sourcecode.swift; path = SecondViewController.swift; sourceTree = "<group>"; };
		F916BEC81B8F77AF00D37396 /* Base */ = {isa = PBXFileReference; lastKnownFileType = file.storyboard; name = Base; path = Base.lproj/Main.storyboard; sourceTree = "<group>"; };
		F916BECA1B8F77AF00D37396 /* Assets.xcassets */ = {isa = PBXFileReference; lastKnownFileType = folder.assetcatalog; path = Assets.xcassets; sourceTree = "<group>"; };
		F916BECD1B8F77AF00D37396 /* Base */ = {isa = PBXFileReference; lastKnownFileType = file.storyboard; name = Base; path = Base.lproj/LaunchScreen.storyboard; sourceTree = "<group>"; };
		F916BECF1B8F77AF00D37396 /* Info.plist */ = {isa = PBXFileReference; lastKnownFileType = text.plist.xml; path = Info.plist; sourceTree = "<group>"; };
		F916BED41B8F77AF00D37396 /* FirstTests.xctest */ = {isa = PBXFileReference; explicitFileType = wrapper.cfbundle; includeInIndex = 0; path = FirstTests.xctest; sourceTree = BUILT_PRODUCTS_DIR; };
		F916BED81B8F77AF00D37396 /* FirstTests.swift */ = {isa = PBXFileReference; lastKnownFileType = sourcecode.swift; path = FirstTests.swift; sourceTree = "<group>"; };
		F916BEDA1B8F77AF00D37396 /* Info.plist */ = {isa = PBXFileReference; lastKnownFileType = text.plist.xml; path = Info.plist; sourceTree = "<group>"; };
		F916BEDF1B8F77AF00D37396 /* FirstUITests.xctest */ = {isa = PBXFileReference; explicitFileType = wrapper.cfbundle; includeInIndex = 0; path = FirstUITests.xctest; sourceTree = BUILT_PRODUCTS_DIR; };
		F916BEE31B8F77AF00D37396 /* FirstUITests.swift */ = {isa = PBXFileReference; lastKnownFileType = sourcecode.swift; path = FirstUITests.swift; sourceTree = "<group>"; };
		F916BEE51B8F77AF00D37396 /* Info.plist */ = {isa = PBXFileReference; lastKnownFileType = text.plist.xml; path = Info.plist; sourceTree = "<group>"; };
		F916BEF11B8F77D600D37396 /* HKHealthStore+Convenience.swift */ = {isa = PBXFileReference; fileEncoding = 4; lastKnownFileType = sourcecode.swift; path = "HKHealthStore+Convenience.swift"; sourceTree = "<group>"; };
		F916BEF31B8F899F00D37396 /* HealthKit.framework */ = {isa = PBXFileReference; lastKnownFileType = wrapper.framework; name = HealthKit.framework; path = System/Library/Frameworks/HealthKit.framework; sourceTree = SDKROOT; };
		F916BEF51B8F899F00D37396 /* First.entitlements */ = {isa = PBXFileReference; lastKnownFileType = text.xml; path = First.entitlements; sourceTree = "<group>"; };
		F916BEF61B8F89AE00D37396 /* CloudKit.framework */ = {isa = PBXFileReference; lastKnownFileType = wrapper.framework; name = CloudKit.framework; path = System/Library/Frameworks/CloudKit.framework; sourceTree = SDKROOT; };
/* End PBXFileReference section */

/* Begin PBXFrameworksBuildPhase section */
		F916BEBB1B8F77AE00D37396 /* Frameworks */ = {
			isa = PBXFrameworksBuildPhase;
			buildActionMask = 2147483647;
			files = (
				F916BEF41B8F899F00D37396 /* HealthKit.framework in Frameworks */,
				F916BEF71B8F89AE00D37396 /* CloudKit.framework in Frameworks */,
			);
			runOnlyForDeploymentPostprocessing = 0;
		};
		F916BED11B8F77AF00D37396 /* Frameworks */ = {
			isa = PBXFrameworksBuildPhase;
			buildActionMask = 2147483647;
			files = (
			);
			runOnlyForDeploymentPostprocessing = 0;
		};
		F916BEDC1B8F77AF00D37396 /* Frameworks */ = {
			isa = PBXFrameworksBuildPhase;
			buildActionMask = 2147483647;
			files = (
			);
			runOnlyForDeploymentPostprocessing = 0;
		};
/* End PBXFrameworksBuildPhase section */

/* Begin PBXGroup section */
		F916BEB51B8F77AE00D37396 = {
			isa = PBXGroup;
			children = (
				F916BEF61B8F89AE00D37396 /* CloudKit.framework */,
				F916BEF31B8F899F00D37396 /* HealthKit.framework */,
				F916BEC01B8F77AE00D37396 /* First */,
				F916BED71B8F77AF00D37396 /* FirstTests */,
				F916BEE21B8F77AF00D37396 /* FirstUITests */,
				F916BEBF1B8F77AE00D37396 /* Products */,
			);
			sourceTree = "<group>";
		};
		F916BEBF1B8F77AE00D37396 /* Products */ = {
			isa = PBXGroup;
			children = (
				F916BEBE1B8F77AE00D37396 /* First.app */,
				F916BED41B8F77AF00D37396 /* FirstTests.xctest */,
				F916BEDF1B8F77AF00D37396 /* FirstUITests.xctest */,
			);
			name = Products;
			sourceTree = "<group>";
		};
		F916BEC01B8F77AE00D37396 /* First */ = {
			isa = PBXGroup;
			children = (
				F916BEF51B8F899F00D37396 /* First.entitlements */,
				F916BEC11B8F77AE00D37396 /* AppDelegate.swift */,
				F916BEC31B8F77AE00D37396 /* FirstViewController.swift */,
				F916BEF11B8F77D600D37396 /* HKHealthStore+Convenience.swift */,
				F916BEC51B8F77AE00D37396 /* SecondViewController.swift */,
				F916BEC71B8F77AF00D37396 /* Main.storyboard */,
				F916BECA1B8F77AF00D37396 /* Assets.xcassets */,
				F916BECC1B8F77AF00D37396 /* LaunchScreen.storyboard */,
				F916BECF1B8F77AF00D37396 /* Info.plist */,
			);
			path = First;
			sourceTree = "<group>";
		};
		F916BED71B8F77AF00D37396 /* FirstTests */ = {
			isa = PBXGroup;
			children = (
				F916BED81B8F77AF00D37396 /* FirstTests.swift */,
				F916BEDA1B8F77AF00D37396 /* Info.plist */,
			);
			path = FirstTests;
			sourceTree = "<group>";
		};
		F916BEE21B8F77AF00D37396 /* FirstUITests */ = {
			isa = PBXGroup;
			children = (
				F916BEE31B8F77AF00D37396 /* FirstUITests.swift */,
				F916BEE51B8F77AF00D37396 /* Info.plist */,
			);
			path = FirstUITests;
			sourceTree = "<group>";
		};
/* End PBXGroup section */

/* Begin PBXNativeTarget section */
		F916BEBD1B8F77AE00D37396 /* First */ = {
			isa = PBXNativeTarget;
			buildConfigurationList = F916BEE81B8F77AF00D37396 /* Build configuration list for PBXNativeTarget "First" */;
			buildPhases = (
				F916BEBA1B8F77AE00D37396 /* Sources */,
				F916BEBB1B8F77AE00D37396 /* Frameworks */,
				F916BEBC1B8F77AE00D37396 /* Resources */,
			);
			buildRules = (
			);
			dependencies = (
			);
			name = First;
			productName = First;
			productReference = F916BEBE1B8F77AE00D37396 /* First.app */;
			productType = "com.apple.product-type.application";
		};
		F916BED31B8F77AF00D37396 /* FirstTests */ = {
			isa = PBXNativeTarget;
			buildConfigurationList = F916BEEB1B8F77AF00D37396 /* Build configuration list for PBXNativeTarget "FirstTests" */;
			buildPhases = (
				F916BED01B8F77AF00D37396 /* Sources */,
				F916BED11B8F77AF00D37396 /* Frameworks */,
				F916BED21B8F77AF00D37396 /* Resources */,
			);
			buildRules = (
			);
			dependencies = (
				F916BED61B8F77AF00D37396 /* PBXTargetDependency */,
			);
			name = FirstTests;
			productName = FirstTests;
			productReference = F916BED41B8F77AF00D37396 /* FirstTests.xctest */;
			productType = "com.apple.product-type.bundle.unit-test";
		};
		F916BEDE1B8F77AF00D37396 /* FirstUITests */ = {
			isa = PBXNativeTarget;
			buildConfigurationList = F916BEEE1B8F77AF00D37396 /* Build configuration list for PBXNativeTarget "FirstUITests" */;
			buildPhases = (
				F916BEDB1B8F77AF00D37396 /* Sources */,
				F916BEDC1B8F77AF00D37396 /* Frameworks */,
				F916BEDD1B8F77AF00D37396 /* Resources */,
			);
			buildRules = (
			);
			dependencies = (
				F916BEE11B8F77AF00D37396 /* PBXTargetDependency */,
			);
			name = FirstUITests;
			productName = FirstUITests;
			productReference = F916BEDF1B8F77AF00D37396 /* FirstUITests.xctest */;
			productType = "com.apple.product-type.bundle.ui-testing";
		};
/* End PBXNativeTarget section */

/* Begin PBXProject section */
		F916BEB61B8F77AE00D37396 /* Project object */ = {
			isa = PBXProject;
			attributes = {
				LastUpgradeCheck = 0700;
				ORGANIZATIONNAME = First;
				TargetAttributes = {
					F916BEBD1B8F77AE00D37396 = {
						CreatedOnToolsVersion = 7.0;
						DevelopmentTeam = DWM77K6AFX;
						SystemCapabilities = {
							com.apple.HealthKit = {
								enabled = 1;
							};
							com.apple.iCloud = {
								enabled = 1;
							};
						};
					};
					F916BED31B8F77AF00D37396 = {
						CreatedOnToolsVersion = 7.0;
						TestTargetID = F916BEBD1B8F77AE00D37396;
					};
					F916BEDE1B8F77AF00D37396 = {
						CreatedOnToolsVersion = 7.0;
						TestTargetID = F916BEBD1B8F77AE00D37396;
					};
				};
			};
			buildConfigurationList = F916BEB91B8F77AE00D37396 /* Build configuration list for PBXProject "First" */;
			compatibilityVersion = "Xcode 3.2";
			developmentRegion = English;
			hasScannedForEncodings = 0;
			knownRegions = (
				en,
				Base,
			);
			mainGroup = F916BEB51B8F77AE00D37396;
			productRefGroup = F916BEBF1B8F77AE00D37396 /* Products */;
			projectDirPath = "";
			projectRoot = "";
			targets = (
				F916BEBD1B8F77AE00D37396 /* First */,
				F916BED31B8F77AF00D37396 /* FirstTests */,
				F916BEDE1B8F77AF00D37396 /* FirstUITests */,
			);
		};
/* End PBXProject section */

/* Begin PBXResourcesBuildPhase section */
		F916BEBC1B8F77AE00D37396 /* Resources */ = {
			isa = PBXResourcesBuildPhase;
			buildActionMask = 2147483647;
			files = (
				F916BECE1B8F77AF00D37396 /* LaunchScreen.storyboard in Resources */,
				F916BECB1B8F77AF00D37396 /* Assets.xcassets in Resources */,
				F916BEC91B8F77AF00D37396 /* Main.storyboard in Resources */,
			);
			runOnlyForDeploymentPostprocessing = 0;
		};
		F916BED21B8F77AF00D37396 /* Resources */ = {
			isa = PBXResourcesBuildPhase;
			buildActionMask = 2147483647;
			files = (
			);
			runOnlyForDeploymentPostprocessing = 0;
		};
		F916BEDD1B8F77AF00D37396 /* Resources */ = {
			isa = PBXResourcesBuildPhase;
			buildActionMask = 2147483647;
			files = (
			);
			runOnlyForDeploymentPostprocessing = 0;
		};
/* End PBXResourcesBuildPhase section */

/* Begin PBXSourcesBuildPhase section */
		F916BEBA1B8F77AE00D37396 /* Sources */ = {
			isa = PBXSourcesBuildPhase;
			buildActionMask = 2147483647;
			files = (
				F916BEF21B8F77D600D37396 /* HKHealthStore+Convenience.swift in Sources */,
				F916BEC61B8F77AE00D37396 /* SecondViewController.swift in Sources */,
				F916BEC21B8F77AE00D37396 /* AppDelegate.swift in Sources */,
				F916BEC41B8F77AE00D37396 /* FirstViewController.swift in Sources */,
			);
			runOnlyForDeploymentPostprocessing = 0;
		};
		F916BED01B8F77AF00D37396 /* Sources */ = {
			isa = PBXSourcesBuildPhase;
			buildActionMask = 2147483647;
			files = (
				F916BED91B8F77AF00D37396 /* FirstTests.swift in Sources */,
			);
			runOnlyForDeploymentPostprocessing = 0;
		};
		F916BEDB1B8F77AF00D37396 /* Sources */ = {
			isa = PBXSourcesBuildPhase;
			buildActionMask = 2147483647;
			files = (
				F916BEE41B8F77AF00D37396 /* FirstUITests.swift in Sources */,
			);
			runOnlyForDeploymentPostprocessing = 0;
		};
/* End PBXSourcesBuildPhase section */

/* Begin PBXTargetDependency section */
		F916BED61B8F77AF00D37396 /* PBXTargetDependency */ = {
			isa = PBXTargetDependency;
			target = F916BEBD1B8F77AE00D37396 /* First */;
			targetProxy = F916BED51B8F77AF00D37396 /* PBXContainerItemProxy */;
		};
		F916BEE11B8F77AF00D37396 /* PBXTargetDependency */ = {
			isa = PBXTargetDependency;
			target = F916BEBD1B8F77AE00D37396 /* First */;
			targetProxy = F916BEE01B8F77AF00D37396 /* PBXContainerItemProxy */;
		};
/* End PBXTargetDependency section */

/* Begin PBXVariantGroup section */
		F916BEC71B8F77AF00D37396 /* Main.storyboard */ = {
			isa = PBXVariantGroup;
			children = (
				F916BEC81B8F77AF00D37396 /* Base */,
			);
			name = Main.storyboard;
			sourceTree = "<group>";
		};
		F916BECC1B8F77AF00D37396 /* LaunchScreen.storyboard */ = {
			isa = PBXVariantGroup;
			children = (
				F916BECD1B8F77AF00D37396 /* Base */,
			);
			name = LaunchScreen.storyboard;
			sourceTree = "<group>";
		};
/* End PBXVariantGroup section */

/* Begin XCBuildConfiguration section */
		F916BEE61B8F77AF00D37396 /* Debug */ = {
			isa = XCBuildConfiguration;
			buildSettings = {
				ALWAYS_SEARCH_USER_PATHS = NO;
				CLANG_CXX_LANGUAGE_STANDARD = "gnu++0x";
				CLANG_CXX_LIBRARY = "libc++";
				CLANG_ENABLE_MODULES = YES;
				CLANG_ENABLE_OBJC_ARC = YES;
				CLANG_WARN_BOOL_CONVERSION = YES;
				CLANG_WARN_CONSTANT_CONVERSION = YES;
				CLANG_WARN_DIRECT_OBJC_ISA_USAGE = YES_ERROR;
				CLANG_WARN_EMPTY_BODY = YES;
				CLANG_WARN_ENUM_CONVERSION = YES;
				CLANG_WARN_INT_CONVERSION = YES;
				CLANG_WARN_OBJC_ROOT_CLASS = YES_ERROR;
				CLANG_WARN_UNREACHABLE_CODE = YES;
				CLANG_WARN__DUPLICATE_METHOD_MATCH = YES;
				"CODE_SIGN_IDENTITY[sdk=iphoneos*]" = "iPhone Developer";
				COPY_PHASE_STRIP = NO;
				DEBUG_INFORMATION_FORMAT = dwarf;
				ENABLE_STRICT_OBJC_MSGSEND = YES;
				ENABLE_TESTABILITY = YES;
				GCC_C_LANGUAGE_STANDARD = gnu99;
				GCC_DYNAMIC_NO_PIC = NO;
				GCC_NO_COMMON_BLOCKS = YES;
				GCC_OPTIMIZATION_LEVEL = 0;
				GCC_PREPROCESSOR_DEFINITIONS = (
					"DEBUG=1",
					"$(inherited)",
				);
				GCC_WARN_64_TO_32_BIT_CONVERSION = YES;
				GCC_WARN_ABOUT_RETURN_TYPE = YES_ERROR;
				GCC_WARN_UNDECLARED_SELECTOR = YES;
				GCC_WARN_UNINITIALIZED_AUTOS = YES_AGGRESSIVE;
				GCC_WARN_UNUSED_FUNCTION = YES;
				GCC_WARN_UNUSED_VARIABLE = YES;
				IPHONEOS_DEPLOYMENT_TARGET = 9.0;
				MTL_ENABLE_DEBUG_INFO = YES;
				ONLY_ACTIVE_ARCH = YES;
				SDKROOT = iphoneos;
				SWIFT_OPTIMIZATION_LEVEL = "-Onone";
			};
			name = Debug;
		};
		F916BEE71B8F77AF00D37396 /* Release */ = {
			isa = XCBuildConfiguration;
			buildSettings = {
				ALWAYS_SEARCH_USER_PATHS = NO;
				CLANG_CXX_LANGUAGE_STANDARD = "gnu++0x";
				CLANG_CXX_LIBRARY = "libc++";
				CLANG_ENABLE_MODULES = YES;
				CLANG_ENABLE_OBJC_ARC = YES;
				CLANG_WARN_BOOL_CONVERSION = YES;
				CLANG_WARN_CONSTANT_CONVERSION = YES;
				CLANG_WARN_DIRECT_OBJC_ISA_USAGE = YES_ERROR;
				CLANG_WARN_EMPTY_BODY = YES;
				CLANG_WARN_ENUM_CONVERSION = YES;
				CLANG_WARN_INT_CONVERSION = YES;
				CLANG_WARN_OBJC_ROOT_CLASS = YES_ERROR;
				CLANG_WARN_UNREACHABLE_CODE = YES;
				CLANG_WARN__DUPLICATE_METHOD_MATCH = YES;
				"CODE_SIGN_IDENTITY[sdk=iphoneos*]" = "iPhone Developer";
				COPY_PHASE_STRIP = NO;
				DEBUG_INFORMATION_FORMAT = "dwarf-with-dsym";
				ENABLE_NS_ASSERTIONS = NO;
				ENABLE_STRICT_OBJC_MSGSEND = YES;
				GCC_C_LANGUAGE_STANDARD = gnu99;
				GCC_NO_COMMON_BLOCKS = YES;
				GCC_WARN_64_TO_32_BIT_CONVERSION = YES;
				GCC_WARN_ABOUT_RETURN_TYPE = YES_ERROR;
				GCC_WARN_UNDECLARED_SELECTOR = YES;
				GCC_WARN_UNINITIALIZED_AUTOS = YES_AGGRESSIVE;
				GCC_WARN_UNUSED_FUNCTION = YES;
				GCC_WARN_UNUSED_VARIABLE = YES;
				IPHONEOS_DEPLOYMENT_TARGET = 9.0;
				MTL_ENABLE_DEBUG_INFO = NO;
				SDKROOT = iphoneos;
				VALIDATE_PRODUCT = YES;
			};
			name = Release;
		};
		F916BEE91B8F77AF00D37396 /* Debug */ = {
			isa = XCBuildConfiguration;
			buildSettings = {
				ASSETCATALOG_COMPILER_APPICON_NAME = AppIcon;
				CODE_SIGN_ENTITLEMENTS = First/First.entitlements;
				CODE_SIGN_IDENTITY = "iPhone Developer";
				"CODE_SIGN_IDENTITY[sdk=iphoneos*]" = "iPhone Developer";
				INFOPLIST_FILE = First/Info.plist;
				LD_RUNPATH_SEARCH_PATHS = "$(inherited) @executable_path/Frameworks";
				PRODUCT_BUNDLE_IDENTIFIER = com.first.client.First;
				PRODUCT_NAME = "$(TARGET_NAME)";
				PROVISIONING_PROFILE = "";
			};
			name = Debug;
		};
		F916BEEA1B8F77AF00D37396 /* Release */ = {
			isa = XCBuildConfiguration;
			buildSettings = {
				ASSETCATALOG_COMPILER_APPICON_NAME = AppIcon;
				CODE_SIGN_ENTITLEMENTS = First/First.entitlements;
				CODE_SIGN_IDENTITY = "iPhone Developer";
				"CODE_SIGN_IDENTITY[sdk=iphoneos*]" = "iPhone Developer";
				INFOPLIST_FILE = First/Info.plist;
				LD_RUNPATH_SEARCH_PATHS = "$(inherited) @executable_path/Frameworks";
				PRODUCT_BUNDLE_IDENTIFIER = com.first.client.First;
				PRODUCT_NAME = "$(TARGET_NAME)";
				PROVISIONING_PROFILE = "";
			};
			name = Release;
		};
		F916BEEC1B8F77AF00D37396 /* Debug */ = {
			isa = XCBuildConfiguration;
			buildSettings = {
				BUNDLE_LOADER = "$(TEST_HOST)";
				INFOPLIST_FILE = FirstTests/Info.plist;
				LD_RUNPATH_SEARCH_PATHS = "$(inherited) @executable_path/Frameworks @loader_path/Frameworks";
				PRODUCT_BUNDLE_IDENTIFIER = com.first.client.FirstTests;
				PRODUCT_NAME = "$(TARGET_NAME)";
				TEST_HOST = "$(BUILT_PRODUCTS_DIR)/First.app/First";
			};
			name = Debug;
		};
		F916BEED1B8F77AF00D37396 /* Release */ = {
			isa = XCBuildConfiguration;
			buildSettings = {
				BUNDLE_LOADER = "$(TEST_HOST)";
				INFOPLIST_FILE = FirstTests/Info.plist;
				LD_RUNPATH_SEARCH_PATHS = "$(inherited) @executable_path/Frameworks @loader_path/Frameworks";
				PRODUCT_BUNDLE_IDENTIFIER = com.first.client.FirstTests;
				PRODUCT_NAME = "$(TARGET_NAME)";
				TEST_HOST = "$(BUILT_PRODUCTS_DIR)/First.app/First";
			};
			name = Release;
		};
		F916BEEF1B8F77AF00D37396 /* Debug */ = {
			isa = XCBuildConfiguration;
			buildSettings = {
				INFOPLIST_FILE = FirstUITests/Info.plist;
				LD_RUNPATH_SEARCH_PATHS = "$(inherited) @executable_path/Frameworks @loader_path/Frameworks";
				PRODUCT_BUNDLE_IDENTIFIER = com.first.client.FirstUITests;
				PRODUCT_NAME = "$(TARGET_NAME)";
				TEST_TARGET_NAME = First;
				USES_XCTRUNNER = YES;
			};
			name = Debug;
		};
		F916BEF01B8F77AF00D37396 /* Release */ = {
			isa = XCBuildConfiguration;
			buildSettings = {
				INFOPLIST_FILE = FirstUITests/Info.plist;
				LD_RUNPATH_SEARCH_PATHS = "$(inherited) @executable_path/Frameworks @loader_path/Frameworks";
				PRODUCT_BUNDLE_IDENTIFIER = com.first.client.FirstUITests;
				PRODUCT_NAME = "$(TARGET_NAME)";
				TEST_TARGET_NAME = First;
				USES_XCTRUNNER = YES;
			};
			name = Release;
		};
/* End XCBuildConfiguration section */

/* Begin XCConfigurationList section */
		F916BEB91B8F77AE00D37396 /* Build configuration list for PBXProject "First" */ = {
			isa = XCConfigurationList;
			buildConfigurations = (
				F916BEE61B8F77AF00D37396 /* Debug */,
				F916BEE71B8F77AF00D37396 /* Release */,
			);
			defaultConfigurationIsVisible = 0;
			defaultConfigurationName = Release;
		};
		F916BEE81B8F77AF00D37396 /* Build configuration list for PBXNativeTarget "First" */ = {
			isa = XCConfigurationList;
			buildConfigurations = (
				F916BEE91B8F77AF00D37396 /* Debug */,
				F916BEEA1B8F77AF00D37396 /* Release */,
			);
			defaultConfigurationIsVisible = 0;
		};
		F916BEEB1B8F77AF00D37396 /* Build configuration list for PBXNativeTarget "FirstTests" */ = {
			isa = XCConfigurationList;
			buildConfigurations = (
				F916BEEC1B8F77AF00D37396 /* Debug */,
				F916BEED1B8F77AF00D37396 /* Release */,
			);
			defaultConfigurationIsVisible = 0;
		};
		F916BEEE1B8F77AF00D37396 /* Build configuration list for PBXNativeTarget "FirstUITests" */ = {
			isa = XCConfigurationList;
			buildConfigurations = (
				F916BEEF1B8F77AF00D37396 /* Debug */,
				F916BEF01B8F77AF00D37396 /* Release */,
			);
			defaultConfigurationIsVisible = 0;
		};
/* End XCConfigurationList section */
	};
	rootObject = F916BEB61B8F77AE00D37396 /* Project object */;
}
